
Microsoft Visual Studio Solution File, Format Version 12.00
# Visual Studio Version 17
VisualStudioVersion = 17.1.32210.238
MinimumVisualStudioVersion = 10.0.40219.1
Project("{9A19103F-16F7-4668-BE54-9A1E7A4F7556}") = "ProductInventoryMvc", "ProductInventoryMvc\ProductInventoryMvc.csproj", "{59B87AEA-48AB-427F-85BD-66D8555E6DE1}"
EndProject
Global
	GlobalSection(SolutionConfigurationPlatforms) = preSolution
		Debug|Any CPU = Debug|Any CPU
		Release|Any CPU = Release|Any CPU
	EndGlobalSection
	GlobalSection(ProjectConfigurationPlatforms) = postSolution
		{59B87AEA-48AB-427F-85BD-66D8555E6DE1}.Debug|Any CPU.ActiveCfg = Debug|Any CPU
		{59B87AEA-48AB-427F-85BD-66D8555E6DE1}.Debug|Any CPU.Build.0 = Debug|Any CPU
		{59B87AEA-48AB-427F-85BD-66D8555E6DE1}.Release|Any CPU.ActiveCfg = Release|Any CPU
		{59B87AEA-48AB-427F-85BD-66D8555E6DE1}.Release|Any CPU.Build.0 = Release|Any CPU
	EndGlobalSection
	GlobalSection(SolutionProperties) = preSolution
		HideSolutionNode = FALSE
	EndGlobalSection
	GlobalSection(ExtensibilityGlobals) = postSolution
		SolutionGuid = {8E6239FA-BD2F-4386-BF0A-725F85F37E65}
	EndGlobalSection
EndGlobal
